
Microsoft Visual Studio Solution File, Format Version 12.00
# Visual Studio Version 17
VisualStudioVersion = 17.10.35004.147
MinimumVisualStudioVersion = 10.0.40219.1
Project("{FAE04EC0-301F-11D3-BF4B-00C04F79EFBC}") = "FilterOnTwoExpandDeepProperty", "FilterOnTwoExpandDeepProperty\FilterOnTwoExpandDeepProperty.csproj", "{A83DF693-AC0D-46ED-A81D-5928F83F5888}"
EndProject
Global
	GlobalSection(SolutionConfigurationPlatforms) = preSolution
		Debug|Any CPU = Debug|Any CPU
		Release|Any CPU = Release|Any CPU
	EndGlobalSection
	GlobalSection(ProjectConfigurationPlatforms) = postSolution
		{A83DF693-AC0D-46ED-A81D-5928F83F5888}.Debug|Any CPU.ActiveCfg = Debug|Any CPU
		{A83DF693-AC0D-46ED-A81D-5928F83F5888}.Debug|Any CPU.Build.0 = Debug|Any CPU
		{A83DF693-AC0D-46ED-A81D-5928F83F5888}.Release|Any CPU.ActiveCfg = Release|Any CPU
		{A83DF693-AC0D-46ED-A81D-5928F83F5888}.Release|Any CPU.Build.0 = Release|Any CPU
	EndGlobalSection
	GlobalSection(SolutionProperties) = preSolution
		HideSolutionNode = FALSE
	EndGlobalSection
	GlobalSection(ExtensibilityGlobals) = postSolution
		SolutionGuid = {8EE8E407-6E7F-4945-90C0-EEE2B8B96648}
	EndGlobalSection
EndGlobal
