
Microsoft Visual Studio Solution File, Format Version 12.00
# Visual Studio Version 17
VisualStudioVersion = 17.3.32611.2
MinimumVisualStudioVersion = 10.0.40219.1
Project("{FAE04EC0-301F-11D3-BF4B-00C04F79EFBC}") = "AzureFuncDemo", "AzureFuncDemo\AzureFuncDemo.csproj", "{201044EF-18D2-4081-B3D8-2BA586488D19}"
EndProject
Global
	GlobalSection(SolutionConfigurationPlatforms) = preSolution
		Debug|Any CPU = Debug|Any CPU
		Release|Any CPU = Release|Any CPU
	EndGlobalSection
	GlobalSection(ProjectConfigurationPlatforms) = postSolution
		{201044EF-18D2-4081-B3D8-2BA586488D19}.Debug|Any CPU.ActiveCfg = Debug|Any CPU
		{201044EF-18D2-4081-B3D8-2BA586488D19}.Debug|Any CPU.Build.0 = Debug|Any CPU
		{201044EF-18D2-4081-B3D8-2BA586488D19}.Release|Any CPU.ActiveCfg = Release|Any CPU
		{201044EF-18D2-4081-B3D8-2BA586488D19}.Release|Any CPU.Build.0 = Release|Any CPU
	EndGlobalSection
	GlobalSection(SolutionProperties) = preSolution
		HideSolutionNode = FALSE
	EndGlobalSection
	GlobalSection(ExtensibilityGlobals) = postSolution
		SolutionGuid = {6315E1AC-2DB5-4B4F-AC0A-D0A95148BCB9}
	EndGlobalSection
EndGlobal
