
Microsoft Visual Studio Solution File, Format Version 12.00
# Visual Studio 15
VisualStudioVersion = 15.0.26730.3
MinimumVisualStudioVersion = 10.0.40219.1
Project("{FAE04EC0-301F-11D3-BF4B-00C04F79EFBC}") = "ODataOWin", "ODataOWin\ODataOWin.csproj", "{81D5E1C4-212B-4B87-A4EC-2A879F23F946}"
EndProject
Project("{FAE04EC0-301F-11D3-BF4B-00C04F79EFBC}") = "WebApi7xOWin", "WebApi7xOWin\WebApi7xOWin.csproj", "{CE2D2CC2-6E29-4BB6-B402-FFF570B909C1}"
EndProject
Global
	GlobalSection(SolutionConfigurationPlatforms) = preSolution
		Debug|Any CPU = Debug|Any CPU
		Release|Any CPU = Release|Any CPU
	EndGlobalSection
	GlobalSection(ProjectConfigurationPlatforms) = postSolution
		{81D5E1C4-212B-4B87-A4EC-2A879F23F946}.Debug|Any CPU.ActiveCfg = Debug|Any CPU
		{81D5E1C4-212B-4B87-A4EC-2A879F23F946}.Debug|Any CPU.Build.0 = Debug|Any CPU
		{81D5E1C4-212B-4B87-A4EC-2A879F23F946}.Release|Any CPU.ActiveCfg = Release|Any CPU
		{81D5E1C4-212B-4B87-A4EC-2A879F23F946}.Release|Any CPU.Build.0 = Release|Any CPU
		{CE2D2CC2-6E29-4BB6-B402-FFF570B909C1}.Debug|Any CPU.ActiveCfg = Debug|Any CPU
		{CE2D2CC2-6E29-4BB6-B402-FFF570B909C1}.Debug|Any CPU.Build.0 = Debug|Any CPU
		{CE2D2CC2-6E29-4BB6-B402-FFF570B909C1}.Release|Any CPU.ActiveCfg = Release|Any CPU
		{CE2D2CC2-6E29-4BB6-B402-FFF570B909C1}.Release|Any CPU.Build.0 = Release|Any CPU
	EndGlobalSection
	GlobalSection(SolutionProperties) = preSolution
		HideSolutionNode = FALSE
	EndGlobalSection
	GlobalSection(ExtensibilityGlobals) = postSolution
		SolutionGuid = {C9CE908D-EFC1-4E91-80E9-3564778A556A}
	EndGlobalSection
EndGlobal
