
Microsoft Visual Studio Solution File, Format Version 12.00
# Visual Studio Version 17
VisualStudioVersion = 17.10.35201.131
MinimumVisualStudioVersion = 10.0.40219.1
Project("{FAE04EC0-301F-11D3-BF4B-00C04F79EFBC}") = "NullValueSample", "NullValueSample\NullValueSample.csproj", "{6BDABC4D-A50B-4B90-9A11-3F0DEFE05509}"
EndProject
Global
	GlobalSection(SolutionConfigurationPlatforms) = preSolution
		Debug|Any CPU = Debug|Any CPU
		Release|Any CPU = Release|Any CPU
	EndGlobalSection
	GlobalSection(ProjectConfigurationPlatforms) = postSolution
		{6BDABC4D-A50B-4B90-9A11-3F0DEFE05509}.Debug|Any CPU.ActiveCfg = Debug|Any CPU
		{6BDABC4D-A50B-4B90-9A11-3F0DEFE05509}.Debug|Any CPU.Build.0 = Debug|Any CPU
		{6BDABC4D-A50B-4B90-9A11-3F0DEFE05509}.Release|Any CPU.ActiveCfg = Release|Any CPU
		{6BDABC4D-A50B-4B90-9A11-3F0DEFE05509}.Release|Any CPU.Build.0 = Release|Any CPU
	EndGlobalSection
	GlobalSection(SolutionProperties) = preSolution
		HideSolutionNode = FALSE
	EndGlobalSection
	GlobalSection(ExtensibilityGlobals) = postSolution
		SolutionGuid = {3205027B-742D-4F10-836F-8C5392DBB073}
	EndGlobalSection
EndGlobal
