
Microsoft Visual Studio Solution File, Format Version 12.00
# Visual Studio Version 17
VisualStudioVersion = 17.6.33513.286
MinimumVisualStudioVersion = 10.0.40219.1
Project("{FAE04EC0-301F-11D3-BF4B-00C04F79EFBC}") = "PermissionsAnalytics", "PermissionsAnalytics\PermissionsAnalytics.csproj", "{62525BF4-0DFA-4970-9D35-52BD56817CEF}"
EndProject
Global
	GlobalSection(SolutionConfigurationPlatforms) = preSolution
		Debug|Any CPU = Debug|Any CPU
		Release|Any CPU = Release|Any CPU
	EndGlobalSection
	GlobalSection(ProjectConfigurationPlatforms) = postSolution
		{62525BF4-0DFA-4970-9D35-52BD56817CEF}.Debug|Any CPU.ActiveCfg = Debug|Any CPU
		{62525BF4-0DFA-4970-9D35-52BD56817CEF}.Debug|Any CPU.Build.0 = Debug|Any CPU
		{62525BF4-0DFA-4970-9D35-52BD56817CEF}.Release|Any CPU.ActiveCfg = Release|Any CPU
		{62525BF4-0DFA-4970-9D35-52BD56817CEF}.Release|Any CPU.Build.0 = Release|Any CPU
	EndGlobalSection
	GlobalSection(SolutionProperties) = preSolution
		HideSolutionNode = FALSE
	EndGlobalSection
	GlobalSection(ExtensibilityGlobals) = postSolution
		SolutionGuid = {C08ADE43-1019-4A72-B82B-CEB05227A4C3}
	EndGlobalSection
EndGlobal
