
Microsoft Visual Studio Solution File, Format Version 12.00
# Visual Studio Version 16
VisualStudioVersion = 16.0.30524.135
MinimumVisualStudioVersion = 10.0.40219.1
Project("{FAE04EC0-301F-11D3-BF4B-00C04F79EFBC}") = "InstanceAnnotationWebApiTest", "InstanceAnnotationWebApiTest\InstanceAnnotationWebApiTest.csproj", "{0E299FDD-9E6F-410A-AC05-463DCAB22FAD}"
EndProject
Global
	GlobalSection(SolutionConfigurationPlatforms) = preSolution
		Debug|Any CPU = Debug|Any CPU
		Release|Any CPU = Release|Any CPU
	EndGlobalSection
	GlobalSection(ProjectConfigurationPlatforms) = postSolution
		{0E299FDD-9E6F-410A-AC05-463DCAB22FAD}.Debug|Any CPU.ActiveCfg = Debug|Any CPU
		{0E299FDD-9E6F-410A-AC05-463DCAB22FAD}.Debug|Any CPU.Build.0 = Debug|Any CPU
		{0E299FDD-9E6F-410A-AC05-463DCAB22FAD}.Release|Any CPU.ActiveCfg = Release|Any CPU
		{0E299FDD-9E6F-410A-AC05-463DCAB22FAD}.Release|Any CPU.Build.0 = Release|Any CPU
	EndGlobalSection
	GlobalSection(SolutionProperties) = preSolution
		HideSolutionNode = FALSE
	EndGlobalSection
	GlobalSection(ExtensibilityGlobals) = postSolution
		SolutionGuid = {6C7FD389-08B3-4583-BDB0-B03C701B404B}
	EndGlobalSection
EndGlobal
