
Microsoft Visual Studio Solution File, Format Version 12.00
# Visual Studio Version 17
VisualStudioVersion = 17.13.35818.85 d17.13
MinimumVisualStudioVersion = 10.0.40219.1
Project("{9A19103F-16F7-4668-BE54-9A1E7A4F7556}") = "Issue2187", "Issue2187\Issue2187.csproj", "{DBA1187C-FCCA-46EC-BAE6-8103D0A7C710}"
EndProject
Project("{FAE04EC0-301F-11D3-BF4B-00C04F79EFBC}") = "Issue2180", "Issue2180\Issue2180.csproj", "{F5E44E16-63C7-43EF-A24B-6061464C53BC}"
EndProject
Project("{FAE04EC0-301F-11D3-BF4B-00C04F79EFBC}") = "issue2045", "issue2045\issue2045.csproj", "{F6190573-2ECF-479F-A853-BCB1B7011778}"
EndProject
Project("{FAE04EC0-301F-11D3-BF4B-00C04F79EFBC}") = "issue1444_CustomSerializerProvider", "issue1444_CustomSerializerProvider\issue1444_CustomSerializerProvider.csproj", "{29F77CAB-9E5A-4924-8572-44B7D0B9FC2F}"
EndProject
Global
	GlobalSection(SolutionConfigurationPlatforms) = preSolution
		Debug|Any CPU = Debug|Any CPU
		Release|Any CPU = Release|Any CPU
	EndGlobalSection
	GlobalSection(ProjectConfigurationPlatforms) = postSolution
		{DBA1187C-FCCA-46EC-BAE6-8103D0A7C710}.Debug|Any CPU.ActiveCfg = Debug|Any CPU
		{DBA1187C-FCCA-46EC-BAE6-8103D0A7C710}.Debug|Any CPU.Build.0 = Debug|Any CPU
		{DBA1187C-FCCA-46EC-BAE6-8103D0A7C710}.Release|Any CPU.ActiveCfg = Release|Any CPU
		{DBA1187C-FCCA-46EC-BAE6-8103D0A7C710}.Release|Any CPU.Build.0 = Release|Any CPU
		{F5E44E16-63C7-43EF-A24B-6061464C53BC}.Debug|Any CPU.ActiveCfg = Debug|Any CPU
		{F5E44E16-63C7-43EF-A24B-6061464C53BC}.Debug|Any CPU.Build.0 = Debug|Any CPU
		{F5E44E16-63C7-43EF-A24B-6061464C53BC}.Release|Any CPU.ActiveCfg = Release|Any CPU
		{F5E44E16-63C7-43EF-A24B-6061464C53BC}.Release|Any CPU.Build.0 = Release|Any CPU
		{F6190573-2ECF-479F-A853-BCB1B7011778}.Debug|Any CPU.ActiveCfg = Debug|Any CPU
		{F6190573-2ECF-479F-A853-BCB1B7011778}.Debug|Any CPU.Build.0 = Debug|Any CPU
		{F6190573-2ECF-479F-A853-BCB1B7011778}.Release|Any CPU.ActiveCfg = Release|Any CPU
		{F6190573-2ECF-479F-A853-BCB1B7011778}.Release|Any CPU.Build.0 = Release|Any CPU
		{29F77CAB-9E5A-4924-8572-44B7D0B9FC2F}.Debug|Any CPU.ActiveCfg = Debug|Any CPU
		{29F77CAB-9E5A-4924-8572-44B7D0B9FC2F}.Debug|Any CPU.Build.0 = Debug|Any CPU
		{29F77CAB-9E5A-4924-8572-44B7D0B9FC2F}.Release|Any CPU.ActiveCfg = Release|Any CPU
		{29F77CAB-9E5A-4924-8572-44B7D0B9FC2F}.Release|Any CPU.Build.0 = Release|Any CPU
	EndGlobalSection
	GlobalSection(SolutionProperties) = preSolution
		HideSolutionNode = FALSE
	EndGlobalSection
	GlobalSection(ExtensibilityGlobals) = postSolution
		SolutionGuid = {F80FED30-E525-4C1F-9D68-3FDAA88BAF83}
	EndGlobalSection
EndGlobal
