
Microsoft Visual Studio Solution File, Format Version 12.00
# Visual Studio Version 16
VisualStudioVersion = 16.0.30524.135
MinimumVisualStudioVersion = 10.0.40219.1
Project("{FAE04EC0-301F-11D3-BF4B-00C04F79EFBC}") = "ODataDeltaWriterTests", "ODataDeltaWriterTests\ODataDeltaWriterTests.csproj", "{36A7098D-D4B4-4581-B788-AB664B9969A4}"
EndProject
Global
	GlobalSection(SolutionConfigurationPlatforms) = preSolution
		Debug|Any CPU = Debug|Any CPU
		Release|Any CPU = Release|Any CPU
	EndGlobalSection
	GlobalSection(ProjectConfigurationPlatforms) = postSolution
		{36A7098D-D4B4-4581-B788-AB664B9969A4}.Debug|Any CPU.ActiveCfg = Debug|Any CPU
		{36A7098D-D4B4-4581-B788-AB664B9969A4}.Debug|Any CPU.Build.0 = Debug|Any CPU
		{36A7098D-D4B4-4581-B788-AB664B9969A4}.Release|Any CPU.ActiveCfg = Release|Any CPU
		{36A7098D-D4B4-4581-B788-AB664B9969A4}.Release|Any CPU.Build.0 = Release|Any CPU
	EndGlobalSection
	GlobalSection(SolutionProperties) = preSolution
		HideSolutionNode = FALSE
	EndGlobalSection
	GlobalSection(ExtensibilityGlobals) = postSolution
		SolutionGuid = {1EAB6510-09CB-412F-844D-C543BCB2A2E3}
	EndGlobalSection
EndGlobal
