
Microsoft Visual Studio Solution File, Format Version 12.00
# Visual Studio 15
VisualStudioVersion = 15.0.28307.539
MinimumVisualStudioVersion = 10.0.40219.1
Project("{FAE04EC0-301F-11D3-BF4B-00C04F79EFBC}") = "OrderbyTest", "OrderbyTest\OrderbyTest.csproj", "{4FD1231E-7983-43C4-917F-B8A43ADCF952}"
EndProject
Global
	GlobalSection(SolutionConfigurationPlatforms) = preSolution
		Debug|Any CPU = Debug|Any CPU
		Release|Any CPU = Release|Any CPU
	EndGlobalSection
	GlobalSection(ProjectConfigurationPlatforms) = postSolution
		{4FD1231E-7983-43C4-917F-B8A43ADCF952}.Debug|Any CPU.ActiveCfg = Debug|Any CPU
		{4FD1231E-7983-43C4-917F-B8A43ADCF952}.Debug|Any CPU.Build.0 = Debug|Any CPU
		{4FD1231E-7983-43C4-917F-B8A43ADCF952}.Release|Any CPU.ActiveCfg = Release|Any CPU
		{4FD1231E-7983-43C4-917F-B8A43ADCF952}.Release|Any CPU.Build.0 = Release|Any CPU
	EndGlobalSection
	GlobalSection(SolutionProperties) = preSolution
		HideSolutionNode = FALSE
	EndGlobalSection
	GlobalSection(ExtensibilityGlobals) = postSolution
		SolutionGuid = {F5EB1767-1298-4273-99B2-6F12DD03BC68}
	EndGlobalSection
EndGlobal
