
Microsoft Visual Studio Solution File, Format Version 12.00
# Visual Studio Version 17
VisualStudioVersion = 17.12.35506.116 d17.12
MinimumVisualStudioVersion = 10.0.40219.1
Project("{FAE04EC0-301F-11D3-BF4B-00C04F79EFBC}") = "Question79295036AttributeRoutingWarning", "Question79295036AttributeRoutingWarning\Question79295036AttributeRoutingWarning.csproj", "{479430A1-E1B6-48A4-91EA-E9F2A8312E62}"
EndProject
Global
	GlobalSection(SolutionConfigurationPlatforms) = preSolution
		Debug|Any CPU = Debug|Any CPU
		Release|Any CPU = Release|Any CPU
	EndGlobalSection
	GlobalSection(ProjectConfigurationPlatforms) = postSolution
		{479430A1-E1B6-48A4-91EA-E9F2A8312E62}.Debug|Any CPU.ActiveCfg = Debug|Any CPU
		{479430A1-E1B6-48A4-91EA-E9F2A8312E62}.Debug|Any CPU.Build.0 = Debug|Any CPU
		{479430A1-E1B6-48A4-91EA-E9F2A8312E62}.Release|Any CPU.ActiveCfg = Release|Any CPU
		{479430A1-E1B6-48A4-91EA-E9F2A8312E62}.Release|Any CPU.Build.0 = Release|Any CPU
	EndGlobalSection
	GlobalSection(SolutionProperties) = preSolution
		HideSolutionNode = FALSE
	EndGlobalSection
EndGlobal
