
Microsoft Visual Studio Solution File, Format Version 12.00
# Visual Studio Version 16
VisualStudioVersion = 16.0.29418.71
MinimumVisualStudioVersion = 10.0.40219.1
Project("{FAE04EC0-301F-11D3-BF4B-00C04F79EFBC}") = "FirstAspNetCoreOData3xSample", "FirstAspNetCoreOData3xSample\FirstAspNetCoreOData3xSample.csproj", "{D65C7EC1-F1F4-48A2-B865-58E3397069D1}"
EndProject
Global
	GlobalSection(SolutionConfigurationPlatforms) = preSolution
		Debug|Any CPU = Debug|Any CPU
		Release|Any CPU = Release|Any CPU
	EndGlobalSection
	GlobalSection(ProjectConfigurationPlatforms) = postSolution
		{D65C7EC1-F1F4-48A2-B865-58E3397069D1}.Debug|Any CPU.ActiveCfg = Debug|Any CPU
		{D65C7EC1-F1F4-48A2-B865-58E3397069D1}.Debug|Any CPU.Build.0 = Debug|Any CPU
		{D65C7EC1-F1F4-48A2-B865-58E3397069D1}.Release|Any CPU.ActiveCfg = Release|Any CPU
		{D65C7EC1-F1F4-48A2-B865-58E3397069D1}.Release|Any CPU.Build.0 = Release|Any CPU
	EndGlobalSection
	GlobalSection(SolutionProperties) = preSolution
		HideSolutionNode = FALSE
	EndGlobalSection
	GlobalSection(ExtensibilityGlobals) = postSolution
		SolutionGuid = {7DBB2F50-5951-4EE9-9DA8-7C6736A8C34F}
	EndGlobalSection
EndGlobal
