
Microsoft Visual Studio Solution File, Format Version 12.00
# Visual Studio Version 17
VisualStudioVersion = 17.14.36408.4 d17.14
MinimumVisualStudioVersion = 10.0.40219.1
Project("{FAE04EC0-301F-11D3-BF4B-00C04F79EFBC}") = "AggregateOnCollectionTest", "AggregateOnCollectionTest\AggregateOnCollectionTest.csproj", "{45E9ACE4-161D-4B63-8D6B-817B2937CF36}"
EndProject
Global
	GlobalSection(SolutionConfigurationPlatforms) = preSolution
		Debug|Any CPU = Debug|Any CPU
		Release|Any CPU = Release|Any CPU
	EndGlobalSection
	GlobalSection(ProjectConfigurationPlatforms) = postSolution
		{45E9ACE4-161D-4B63-8D6B-817B2937CF36}.Debug|Any CPU.ActiveCfg = Debug|Any CPU
		{45E9ACE4-161D-4B63-8D6B-817B2937CF36}.Debug|Any CPU.Build.0 = Debug|Any CPU
		{45E9ACE4-161D-4B63-8D6B-817B2937CF36}.Release|Any CPU.ActiveCfg = Release|Any CPU
		{45E9ACE4-161D-4B63-8D6B-817B2937CF36}.Release|Any CPU.Build.0 = Release|Any CPU
	EndGlobalSection
	GlobalSection(SolutionProperties) = preSolution
		HideSolutionNode = FALSE
	EndGlobalSection
	GlobalSection(ExtensibilityGlobals) = postSolution
		SolutionGuid = {8C9ABEB9-74BF-48F1-B205-18ADD2D291B4}
	EndGlobalSection
EndGlobal
