
Microsoft Visual Studio Solution File, Format Version 12.00
# Visual Studio 2013
VisualStudioVersion = 12.0.40629.0
MinimumVisualStudioVersion = 10.0.40219.1
Project("{FAE04EC0-301F-11D3-BF4B-00C04F79EFBC}") = "SwaggerValidatorSample", "SwaggerValidatorSample\SwaggerValidatorSample.csproj", "{7B130CEF-2BDA-4A96-9E67-6A06611F7196}"
EndProject
Global
	GlobalSection(SolutionConfigurationPlatforms) = preSolution
		Debug|Any CPU = Debug|Any CPU
		Release|Any CPU = Release|Any CPU
	EndGlobalSection
	GlobalSection(ProjectConfigurationPlatforms) = postSolution
		{7B130CEF-2BDA-4A96-9E67-6A06611F7196}.Debug|Any CPU.ActiveCfg = Debug|Any CPU
		{7B130CEF-2BDA-4A96-9E67-6A06611F7196}.Debug|Any CPU.Build.0 = Debug|Any CPU
		{7B130CEF-2BDA-4A96-9E67-6A06611F7196}.Release|Any CPU.ActiveCfg = Release|Any CPU
		{7B130CEF-2BDA-4A96-9E67-6A06611F7196}.Release|Any CPU.Build.0 = Release|Any CPU
	EndGlobalSection
	GlobalSection(SolutionProperties) = preSolution
		HideSolutionNode = FALSE
	EndGlobalSection
EndGlobal
