
Microsoft Visual Studio Solution File, Format Version 12.00
# Visual Studio Version 17
VisualStudioVersion = 17.2.32210.308
MinimumVisualStudioVersion = 10.0.40219.1
Project("{FAE04EC0-301F-11D3-BF4B-00C04F79EFBC}") = "TimeZoneSamples", "TimeZoneSamples\TimeZoneSamples.csproj", "{4030C8BA-A4BF-4636-BA09-A6A5C2C66899}"
EndProject
Global
	GlobalSection(SolutionConfigurationPlatforms) = preSolution
		Debug|Any CPU = Debug|Any CPU
		Release|Any CPU = Release|Any CPU
	EndGlobalSection
	GlobalSection(ProjectConfigurationPlatforms) = postSolution
		{4030C8BA-A4BF-4636-BA09-A6A5C2C66899}.Debug|Any CPU.ActiveCfg = Debug|Any CPU
		{4030C8BA-A4BF-4636-BA09-A6A5C2C66899}.Debug|Any CPU.Build.0 = Debug|Any CPU
		{4030C8BA-A4BF-4636-BA09-A6A5C2C66899}.Release|Any CPU.ActiveCfg = Release|Any CPU
		{4030C8BA-A4BF-4636-BA09-A6A5C2C66899}.Release|Any CPU.Build.0 = Release|Any CPU
	EndGlobalSection
	GlobalSection(SolutionProperties) = preSolution
		HideSolutionNode = FALSE
	EndGlobalSection
	GlobalSection(ExtensibilityGlobals) = postSolution
		SolutionGuid = {20AFB3F3-FC1F-49D5-9868-1E677AF97FB8}
	EndGlobalSection
EndGlobal
