
Microsoft Visual Studio Solution File, Format Version 12.00
# Visual Studio 15
VisualStudioVersion = 15.0.27703.2042
MinimumVisualStudioVersion = 10.0.40219.1
Project("{9A19103F-16F7-4668-BE54-9A1E7A4F7556}") = "Microsoft.Extensions.OData.Serializer", "Microsoft.Extensions.OData.Serializer\Microsoft.Extensions.OData.Serializer.csproj", "{4EFB62B7-CB63-4250-B09F-410D29F0DE2B}"
EndProject
Project("{FAE04EC0-301F-11D3-BF4B-00C04F79EFBC}") = "Test", "Test\Test.csproj", "{03B7B890-BD0A-4720-8E89-EECD6ACA5409}"
EndProject
Global
	GlobalSection(SolutionConfigurationPlatforms) = preSolution
		Debug|Any CPU = Debug|Any CPU
		Release|Any CPU = Release|Any CPU
	EndGlobalSection
	GlobalSection(ProjectConfigurationPlatforms) = postSolution
		{4EFB62B7-CB63-4250-B09F-410D29F0DE2B}.Debug|Any CPU.ActiveCfg = Debug|Any CPU
		{4EFB62B7-CB63-4250-B09F-410D29F0DE2B}.Debug|Any CPU.Build.0 = Debug|Any CPU
		{4EFB62B7-CB63-4250-B09F-410D29F0DE2B}.Release|Any CPU.ActiveCfg = Release|Any CPU
		{4EFB62B7-CB63-4250-B09F-410D29F0DE2B}.Release|Any CPU.Build.0 = Release|Any CPU
		{03B7B890-BD0A-4720-8E89-EECD6ACA5409}.Debug|Any CPU.ActiveCfg = Debug|Any CPU
		{03B7B890-BD0A-4720-8E89-EECD6ACA5409}.Debug|Any CPU.Build.0 = Debug|Any CPU
		{03B7B890-BD0A-4720-8E89-EECD6ACA5409}.Release|Any CPU.ActiveCfg = Release|Any CPU
		{03B7B890-BD0A-4720-8E89-EECD6ACA5409}.Release|Any CPU.Build.0 = Release|Any CPU
	EndGlobalSection
	GlobalSection(SolutionProperties) = preSolution
		HideSolutionNode = FALSE
	EndGlobalSection
	GlobalSection(ExtensibilityGlobals) = postSolution
		SolutionGuid = {0D8FF38C-6A2A-49A3-BE2D-A50596B717ED}
	EndGlobalSection
EndGlobal
