
Microsoft Visual Studio Solution File, Format Version 12.00
# Visual Studio Version 17
VisualStudioVersion = 17.9.34511.98
MinimumVisualStudioVersion = 10.0.40219.1
Project("{FAE04EC0-301F-11D3-BF4B-00C04F79EFBC}") = "SpeakerWebApi", "SpeakerWebApi\SpeakerWebApi.csproj", "{C6554976-A4D6-4A77-B4AD-245BF4A20CEB}"
EndProject
Global
	GlobalSection(SolutionConfigurationPlatforms) = preSolution
		Debug|Any CPU = Debug|Any CPU
		Release|Any CPU = Release|Any CPU
	EndGlobalSection
	GlobalSection(ProjectConfigurationPlatforms) = postSolution
		{C6554976-A4D6-4A77-B4AD-245BF4A20CEB}.Debug|Any CPU.ActiveCfg = Debug|Any CPU
		{C6554976-A4D6-4A77-B4AD-245BF4A20CEB}.Debug|Any CPU.Build.0 = Debug|Any CPU
		{C6554976-A4D6-4A77-B4AD-245BF4A20CEB}.Release|Any CPU.ActiveCfg = Release|Any CPU
		{C6554976-A4D6-4A77-B4AD-245BF4A20CEB}.Release|Any CPU.Build.0 = Release|Any CPU
	EndGlobalSection
	GlobalSection(SolutionProperties) = preSolution
		HideSolutionNode = FALSE
	EndGlobalSection
	GlobalSection(ExtensibilityGlobals) = postSolution
		SolutionGuid = {440BE9B4-6CCF-4326-9212-20DCD913B24A}
	EndGlobalSection
EndGlobal
