
Microsoft Visual Studio Solution File, Format Version 12.00
# Visual Studio Version 17
VisualStudioVersion = 17.12.35707.178 d17.12
MinimumVisualStudioVersion = 10.0.40219.1
Project("{FAE04EC0-301F-11D3-BF4B-00C04F79EFBC}") = "TodoApi9", "TodoApi9\TodoApi9.csproj", "{D1BE414D-440C-4F9B-8404-91AF35FC83FE}"
EndProject
Global
	GlobalSection(SolutionConfigurationPlatforms) = preSolution
		Debug|Any CPU = Debug|Any CPU
		Release|Any CPU = Release|Any CPU
	EndGlobalSection
	GlobalSection(ProjectConfigurationPlatforms) = postSolution
		{D1BE414D-440C-4F9B-8404-91AF35FC83FE}.Debug|Any CPU.ActiveCfg = Debug|Any CPU
		{D1BE414D-440C-4F9B-8404-91AF35FC83FE}.Debug|Any CPU.Build.0 = Debug|Any CPU
		{D1BE414D-440C-4F9B-8404-91AF35FC83FE}.Release|Any CPU.ActiveCfg = Release|Any CPU
		{D1BE414D-440C-4F9B-8404-91AF35FC83FE}.Release|Any CPU.Build.0 = Release|Any CPU
	EndGlobalSection
	GlobalSection(SolutionProperties) = preSolution
		HideSolutionNode = FALSE
	EndGlobalSection
EndGlobal
