
Microsoft Visual Studio Solution File, Format Version 12.00
# Visual Studio 2013
VisualStudioVersion = 12.0.31101.0
MinimumVisualStudioVersion = 10.0.40219.1
Project("{FAE04EC0-301F-11D3-BF4B-00C04F79EFBC}") = "ReadEdmxSelfHostOWin", "ReadEdmxSelfHostOWin\ReadEdmxSelfHostOWin.csproj", "{9AB52ECC-ACCC-4694-A4A1-AA16CE00F5CC}"
EndProject
Project("{FAE04EC0-301F-11D3-BF4B-00C04F79EFBC}") = "WebApiClientApplication", "WebApiClientApplication\WebApiClientApplication.csproj", "{F6D84F28-0C7B-4071-9232-30F857F382BA}"
EndProject
Global
	GlobalSection(SolutionConfigurationPlatforms) = preSolution
		Debug|Any CPU = Debug|Any CPU
		Release|Any CPU = Release|Any CPU
	EndGlobalSection
	GlobalSection(ProjectConfigurationPlatforms) = postSolution
		{9AB52ECC-ACCC-4694-A4A1-AA16CE00F5CC}.Debug|Any CPU.ActiveCfg = Debug|Any CPU
		{9AB52ECC-ACCC-4694-A4A1-AA16CE00F5CC}.Debug|Any CPU.Build.0 = Debug|Any CPU
		{9AB52ECC-ACCC-4694-A4A1-AA16CE00F5CC}.Release|Any CPU.ActiveCfg = Release|Any CPU
		{9AB52ECC-ACCC-4694-A4A1-AA16CE00F5CC}.Release|Any CPU.Build.0 = Release|Any CPU
		{F6D84F28-0C7B-4071-9232-30F857F382BA}.Debug|Any CPU.ActiveCfg = Debug|Any CPU
		{F6D84F28-0C7B-4071-9232-30F857F382BA}.Debug|Any CPU.Build.0 = Debug|Any CPU
		{F6D84F28-0C7B-4071-9232-30F857F382BA}.Release|Any CPU.ActiveCfg = Release|Any CPU
		{F6D84F28-0C7B-4071-9232-30F857F382BA}.Release|Any CPU.Build.0 = Release|Any CPU
	EndGlobalSection
	GlobalSection(SolutionProperties) = preSolution
		HideSolutionNode = FALSE
	EndGlobalSection
EndGlobal
