
Microsoft Visual Studio Solution File, Format Version 12.00
# Visual Studio 15
VisualStudioVersion = 15.0.27703.2042
MinimumVisualStudioVersion = 10.0.40219.1
Project("{FAE04EC0-301F-11D3-BF4B-00C04F79EFBC}") = "SimpleContainmentTest", "SimpleContainmentTest\SimpleContainmentTest.csproj", "{BEA7E333-570E-4080-8D4E-7D1714797BED}"
EndProject
Global
	GlobalSection(SolutionConfigurationPlatforms) = preSolution
		Debug|Any CPU = Debug|Any CPU
		Release|Any CPU = Release|Any CPU
	EndGlobalSection
	GlobalSection(ProjectConfigurationPlatforms) = postSolution
		{BEA7E333-570E-4080-8D4E-7D1714797BED}.Debug|Any CPU.ActiveCfg = Debug|Any CPU
		{BEA7E333-570E-4080-8D4E-7D1714797BED}.Debug|Any CPU.Build.0 = Debug|Any CPU
		{BEA7E333-570E-4080-8D4E-7D1714797BED}.Release|Any CPU.ActiveCfg = Release|Any CPU
		{BEA7E333-570E-4080-8D4E-7D1714797BED}.Release|Any CPU.Build.0 = Release|Any CPU
	EndGlobalSection
	GlobalSection(SolutionProperties) = preSolution
		HideSolutionNode = FALSE
	EndGlobalSection
	GlobalSection(ExtensibilityGlobals) = postSolution
		SolutionGuid = {DC1FA2E3-2E3B-4400-819B-16A4AA3697FA}
	EndGlobalSection
EndGlobal
